
Microsoft Visual Studio Solution File, Format Version 12.00
# Visual Studio 2013
VisualStudioVersion = 12.0.31101.0
MinimumVisualStudioVersion = 10.0.40219.1
Project("{FAE04EC0-301F-11D3-BF4B-00C04F79EFBC}") = "BGProje1", "BGProje1\BGProje1.csproj", "{9730E8E5-5707-4F55-A232-639B0ED49AF1}"
EndProject
Global
	GlobalSection(SolutionConfigurationPlatforms) = preSolution
		Debug|Any CPU = Debug|Any CPU
		Release|Any CPU = Release|Any CPU
	EndGlobalSection
	GlobalSection(ProjectConfigurationPlatforms) = postSolution
		{9730E8E5-5707-4F55-A232-639B0ED49AF1}.Debug|Any CPU.ActiveCfg = Debug|Any CPU
		{9730E8E5-5707-4F55-A232-639B0ED49AF1}.Debug|Any CPU.Build.0 = Debug|Any CPU
		{9730E8E5-5707-4F55-A232-639B0ED49AF1}.Release|Any CPU.ActiveCfg = Release|Any CPU
		{9730E8E5-5707-4F55-A232-639B0ED49AF1}.Release|Any CPU.Build.0 = Release|Any CPU
	EndGlobalSection
	GlobalSection(SolutionProperties) = preSolution
		HideSolutionNode = FALSE
	EndGlobalSection
EndGlobal
